
Microsoft Visual Studio Solution File, Format Version 12.00
# Visual Studio 15
VisualStudioVersion = 15.0.27130.2036
MinimumVisualStudioVersion = 10.0.40219.1
Project("{FAE04EC0-301F-11D3-BF4B-00C04F79EFBC}") = "AutoMarket", "AutoMarket\AutoMarket.csproj", "{B3B3DD56-828C-4923-8A6C-C83990E86D26}"
EndProject
Global
	GlobalSection(SolutionConfigurationPlatforms) = preSolution
		Debug|Any CPU = Debug|Any CPU
		Release|Any CPU = Release|Any CPU
	EndGlobalSection
	GlobalSection(ProjectConfigurationPlatforms) = postSolution
		{B3B3DD56-828C-4923-8A6C-C83990E86D26}.Debug|Any CPU.ActiveCfg = Debug|Any CPU
		{B3B3DD56-828C-4923-8A6C-C83990E86D26}.Debug|Any CPU.Build.0 = Debug|Any CPU
		{B3B3DD56-828C-4923-8A6C-C83990E86D26}.Release|Any CPU.ActiveCfg = Release|Any CPU
		{B3B3DD56-828C-4923-8A6C-C83990E86D26}.Release|Any CPU.Build.0 = Release|Any CPU
	EndGlobalSection
	GlobalSection(SolutionProperties) = preSolution
		HideSolutionNode = FALSE
	EndGlobalSection
	GlobalSection(ExtensibilityGlobals) = postSolution
		SolutionGuid = {2E46F38A-C3D8-4C8D-AB72-91AF73FF1945}
	EndGlobalSection
EndGlobal
